// !$*UTF8*$!
{
	archiveVersion = 1;
	classes = {
	};
	objectVersion = 48;
	objects = {

/* Begin PBXBuildFile section */
		39205AB61F8B3EFC0053264C /* AppDelegate.swift in Sources */ = {isa = PBXBuildFile; fileRef = 39205AB51F8B3EFC0053264C /* AppDelegate.swift */; };
		39205AB81F8B3EFC0053264C /* ViewController.swift in Sources */ = {isa = PBXBuildFile; fileRef = 39205AB71F8B3EFC0053264C /* ViewController.swift */; };
		39205ABB1F8B3EFC0053264C /* Main.storyboard in Resources */ = {isa = PBXBuildFile; fileRef = 39205AB91F8B3EFC0053264C /* Main.storyboard */; };
		39205ABD1F8B3EFC0053264C /* Assets.xcassets in Resources */ = {isa = PBXBuildFile; fileRef = 39205ABC1F8B3EFC0053264C /* Assets.xcassets */; };
		39205AC01F8B3EFC0053264C /* LaunchScreen.storyboard in Resources */ = {isa = PBXBuildFile; fileRef = 39205ABE1F8B3EFC0053264C /* LaunchScreen.storyboard */; };
		39205AC81F8B3FE20053264C /* Cars.mlmodel in Sources */ = {isa = PBXBuildFile; fileRef = 39205AC71F8B3FE20053264C /* Cars.mlmodel */; };
/* End PBXBuildFile section */

/* Begin PBXFileReference section */
		39205AB21F8B3EFC0053264C /* Trade My Tesla.app */ = {isa = PBXFileReference; explicitFileType = wrapper.application; includeInIndex = 0; path = "Trade My Tesla.app"; sourceTree = BUILT_PRODUCTS_DIR; };
		39205AB51F8B3EFC0053264C /* AppDelegate.swift */ = {isa = PBXFileReference; lastKnownFileType = sourcecode.swift; path = AppDelegate.swift; sourceTree = "<group>"; };
		39205AB71F8B3EFC0053264C /* ViewController.swift */ = {isa = PBXFileReference; lastKnownFileType = sourcecode.swift; path = ViewController.swift; sourceTree = "<group>"; };
		39205ABA1F8B3EFC0053264C /* Base */ = {isa = PBXFileReference; lastKnownFileType = file.storyboard; name = Base; path = Base.lproj/Main.storyboard; sourceTree = "<group>"; };
		39205ABC1F8B3EFC0053264C /* Assets.xcassets */ = {isa = PBXFileReference; lastKnownFileType = folder.assetcatalog; path = Assets.xcassets; sourceTree = "<group>"; };
		39205ABF1F8B3EFC0053264C /* Base */ = {isa = PBXFileReference; lastKnownFileType = file.storyboard; name = Base; path = Base.lproj/LaunchScreen.storyboard; sourceTree = "<group>"; };
		39205AC11F8B3EFC0053264C /* Info.plist */ = {isa = PBXFileReference; lastKnownFileType = text.plist.xml; path = Info.plist; sourceTree = "<group>"; };
		39205AC71F8B3FE20053264C /* Cars.mlmodel */ = {isa = PBXFileReference; lastKnownFileType = file.mlmodel; path = Cars.mlmodel; sourceTree = "<group>"; };
/* End PBXFileReference section */

/* Begin PBXFrameworksBuildPhase section */
		39205AAF1F8B3EFC0053264C /* Frameworks */ = {
			isa = PBXFrameworksBuildPhase;
			buildActionMask = 2147483647;
			files = (
			);
			runOnlyForDeploymentPostprocessing = 0;
		};
/* End PBXFrameworksBuildPhase section */

/* Begin PBXGroup section */
		39205AA91F8B3EFC0053264C = {
			isa = PBXGroup;
			children = (
				39205AB41F8B3EFC0053264C /* Trade My Tesla */,
				39205AB31F8B3EFC0053264C /* Products */,
			);
			sourceTree = "<group>";
		};
		39205AB31F8B3EFC0053264C /* Products */ = {
			isa = PBXGroup;
			children = (
				39205AB21F8B3EFC0053264C /* Trade My Tesla.app */,
			);
			name = Products;
			sourceTree = "<group>";
		};
		39205AB41F8B3EFC0053264C /* Trade My Tesla */ = {
			isa = PBXGroup;
			children = (
				39205AC71F8B3FE20053264C /* Cars.mlmodel */,
				39205AB51F8B3EFC0053264C /* AppDelegate.swift */,
				39205AB71F8B3EFC0053264C /* ViewController.swift */,
				39205AB91F8B3EFC0053264C /* Main.storyboard */,
				39205ABC1F8B3EFC0053264C /* Assets.xcassets */,
				39205ABE1F8B3EFC0053264C /* LaunchScreen.storyboard */,
				39205AC11F8B3EFC0053264C /* Info.plist */,
			);
			path = "Trade My Tesla";
			sourceTree = "<group>";
		};
/* End PBXGroup section */

/* Begin PBXNativeTarget section */
		39205AB11F8B3EFC0053264C /* Trade My Tesla */ = {
			isa = PBXNativeTarget;
			buildConfigurationList = 39205AC41F8B3EFC0053264C /* Build configuration list for PBXNativeTarget "Trade My Tesla" */;
			buildPhases = (
				39205AAE1F8B3EFC0053264C /* Sources */,
				39205AAF1F8B3EFC0053264C /* Frameworks */,
				39205AB01F8B3EFC0053264C /* Resources */,
			);
			buildRules = (
			);
			dependencies = (
			);
			name = "Trade My Tesla";
			productName = "Trade My Tesla";
			productReference = 39205AB21F8B3EFC0053264C /* Trade My Tesla.app */;
			productType = "com.apple.product-type.application";
		};
/* End PBXNativeTarget section */

/* Begin PBXProject section */
		39205AAA1F8B3EFC0053264C /* Project object */ = {
			isa = PBXProject;
			attributes = {
				LastSwiftUpdateCheck = 0910;
				LastUpgradeCheck = 0910;
				ORGANIZATIONNAME = 6DoF;
				TargetAttributes = {
					39205AB11F8B3EFC0053264C = {
						CreatedOnToolsVersion = 9.1;
						ProvisioningStyle = Automatic;
					};
				};
			};
			buildConfigurationList = 39205AAD1F8B3EFC0053264C /* Build configuration list for PBXProject "Trade My Tesla" */;
			compatibilityVersion = "Xcode 8.0";
			developmentRegion = en;
			hasScannedForEncodings = 0;
			knownRegions = (
				en,
				Base,
			);
			mainGroup = 39205AA91F8B3EFC0053264C;
			productRefGroup = 39205AB31F8B3EFC0053264C /* Products */;
			projectDirPath = "";
			projectRoot = "";
			targets = (
				39205AB11F8B3EFC0053264C /* Trade My Tesla */,
			);
		};
/* End PBXProject section */

/* Begin PBXResourcesBuildPhase section */
		39205AB01F8B3EFC0053264C /* Resources */ = {
			isa = PBXResourcesBuildPhase;
			buildActionMask = 2147483647;
			files = (
				39205AC01F8B3EFC0053264C /* LaunchScreen.storyboard in Resources */,
				39205ABD1F8B3EFC0053264C /* Assets.xcassets in Resources */,
				39205ABB1F8B3EFC0053264C /* Main.storyboard in Resources */,
			);
			runOnlyForDeploymentPostprocessing = 0;
		};
/* End PBXResourcesBuildPhase section */

/* Begin PBXSourcesBuildPhase section */
		39205AAE1F8B3EFC0053264C /* Sources */ = {
			isa = PBXSourcesBuildPhase;
			buildActionMask = 2147483647;
			files = (
				39205AB81F8B3EFC0053264C /* ViewController.swift in Sources */,
				39205AB61F8B3EFC0053264C /* AppDelegate.swift in Sources */,
				39205AC81F8B3FE20053264C /* Cars.mlmodel in Sources */,
			);
			runOnlyForDeploymentPostprocessing = 0;
		};
/* End PBXSourcesBuildPhase section */

/* Begin PBXVariantGroup section */
		39205AB91F8B3EFC0053264C /* Main.storyboard */ = {
			isa = PBXVariantGroup;
			children = (
				39205ABA1F8B3EFC0053264C /* Base */,
			);
			name = Main.storyboard;
			sourceTree = "<group>";
		};
		39205ABE1F8B3EFC0053264C /* LaunchScreen.storyboard */ = {
			isa = PBXVariantGroup;
			children = (
				39205ABF1F8B3EFC0053264C /* Base */,
			);
			name = LaunchScreen.storyboard;
			sourceTree = "<group>";
		};
/* End PBXVariantGroup section */

/* Begin XCBuildConfiguration section */
		39205AC21F8B3EFC0053264C /* Debug */ = {
			isa = XCBuildConfiguration;
			buildSettings = {
				ALWAYS_SEARCH_USER_PATHS = NO;
				CLANG_ANALYZER_NONNULL = YES;
				CLANG_ANALYZER_NUMBER_OBJECT_CONVERSION = YES_AGGRESSIVE;
				CLANG_CXX_LANGUAGE_STANDARD = "gnu++14";
				CLANG_CXX_LIBRARY = "libc++";
				CLANG_ENABLE_MODULES = YES;
				CLANG_ENABLE_OBJC_ARC = YES;
				CLANG_WARN_BLOCK_CAPTURE_AUTORELEASING = YES;
				CLANG_WARN_BOOL_CONVERSION = YES;
				CLANG_WARN_COMMA = YES;
				CLANG_WARN_CONSTANT_CONVERSION = YES;
				CLANG_WARN_DIRECT_OBJC_ISA_USAGE = YES_ERROR;
				CLANG_WARN_DOCUMENTATION_COMMENTS = YES;
				CLANG_WARN_EMPTY_BODY = YES;
				CLANG_WARN_ENUM_CONVERSION = YES;
				CLANG_WARN_INFINITE_RECURSION = YES;
				CLANG_WARN_INT_CONVERSION = YES;
				CLANG_WARN_NON_LITERAL_NULL_CONVERSION = YES;
				CLANG_WARN_OBJC_LITERAL_CONVERSION = YES;
				CLANG_WARN_OBJC_ROOT_CLASS = YES_ERROR;
				CLANG_WARN_RANGE_LOOP_ANALYSIS = YES;
				CLANG_WARN_STRICT_PROTOTYPES = YES;
				CLANG_WARN_SUSPICIOUS_MOVE = YES;
				CLANG_WARN_UNGUARDED_AVAILABILITY = YES_AGGRESSIVE;
				CLANG_WARN_UNREACHABLE_CODE = YES;
				CLANG_WARN__DUPLICATE_METHOD_MATCH = YES;
				CODE_SIGN_IDENTITY = "iPhone Developer";
				COPY_PHASE_STRIP = NO;
				DEBUG_INFORMATION_FORMAT = dwarf;
				ENABLE_STRICT_OBJC_MSGSEND = YES;
				ENABLE_TESTABILITY = YES;
				GCC_C_LANGUAGE_STANDARD = gnu11;
				GCC_DYNAMIC_NO_PIC = NO;
				GCC_NO_COMMON_BLOCKS = YES;
				GCC_OPTIMIZATION_LEVEL = 0;
				GCC_PREPROCESSOR_DEFINITIONS = (
					"DEBUG=1",
					"$(inherited)",
				);
				GCC_WARN_64_TO_32_BIT_CONVERSION = YES;
				GCC_WARN_ABOUT_RETURN_TYPE = YES_ERROR;
				GCC_WARN_UNDECLARED_SELECTOR = YES;
				GCC_WARN_UNINITIALIZED_AUTOS = YES_AGGRESSIVE;
				GCC_WARN_UNUSED_FUNCTION = YES;
				GCC_WARN_UNUSED_VARIABLE = YES;
				IPHONEOS_DEPLOYMENT_TARGET = 11.1;
				MTL_ENABLE_DEBUG_INFO = YES;
				ONLY_ACTIVE_ARCH = YES;
				SDKROOT = iphoneos;
				SWIFT_ACTIVE_COMPILATION_CONDITIONS = DEBUG;
				SWIFT_OPTIMIZATION_LEVEL = "-Onone";
			};
			name = Debug;
		};
		39205AC31F8B3EFC0053264C /* Release */ = {
			isa = XCBuildConfiguration;
			buildSettings = {
				ALWAYS_SEARCH_USER_PATHS = NO;
				CLANG_ANALYZER_NONNULL = YES;
				CLANG_ANALYZER_NUMBER_OBJECT_CONVERSION = YES_AGGRESSIVE;
				CLANG_CXX_LANGUAGE_STANDARD = "gnu++14";
				CLANG_CXX_LIBRARY = "libc++";
				CLANG_ENABLE_MODULES = YES;
				CLANG_ENABLE_OBJC_ARC = YES;
				CLANG_WARN_BLOCK_CAPTURE_AUTORELEASING = YES;
				CLANG_WARN_BOOL_CONVERSION = YES;
				CLANG_WARN_COMMA = YES;
				CLANG_WARN_CONSTANT_CONVERSION = YES;
				CLANG_WARN_DIRECT_OBJC_ISA_USAGE = YES_ERROR;
				CLANG_WARN_DOCUMENTATION_COMMENTS = YES;
				CLANG_WARN_EMPTY_BODY = YES;
				CLANG_WARN_ENUM_CONVERSION = YES;
				CLANG_WARN_INFINITE_RECURSION = YES;
				CLANG_WARN_INT_CONVERSION = YES;
				CLANG_WARN_NON_LITERAL_NULL_CONVERSION = YES;
				CLANG_WARN_OBJC_LITERAL_CONVERSION = YES;
				CLANG_WARN_OBJC_ROOT_CLASS = YES_ERROR;
				CLANG_WARN_RANGE_LOOP_ANALYSIS = YES;
				CLANG_WARN_STRICT_PROTOTYPES = YES;
				CLANG_WARN_SUSPICIOUS_MOVE = YES;
				CLANG_WARN_UNGUARDED_AVAILABILITY = YES_AGGRESSIVE;
				CLANG_WARN_UNREACHABLE_CODE = YES;
				CLANG_WARN__DUPLICATE_METHOD_MATCH = YES;
				CODE_SIGN_IDENTITY = "iPhone Developer";
				COPY_PHASE_STRIP = NO;
				DEBUG_INFORMATION_FORMAT = "dwarf-with-dsym";
				ENABLE_NS_ASSERTIONS = NO;
				ENABLE_STRICT_OBJC_MSGSEND = YES;
				GCC_C_LANGUAGE_STANDARD = gnu11;
				GCC_NO_COMMON_BLOCKS = YES;
				GCC_WARN_64_TO_32_BIT_CONVERSION = YES;
				GCC_WARN_ABOUT_RETURN_TYPE = YES_ERROR;
				GCC_WARN_UNDECLARED_SELECTOR = YES;
				GCC_WARN_UNINITIALIZED_AUTOS = YES_AGGRESSIVE;
				GCC_WARN_UNUSED_FUNCTION = YES;
				GCC_WARN_UNUSED_VARIABLE = YES;
				IPHONEOS_DEPLOYMENT_TARGET = 11.1;
				MTL_ENABLE_DEBUG_INFO = NO;
				SDKROOT = iphoneos;
				SWIFT_OPTIMIZATION_LEVEL = "-Owholemodule";
				VALIDATE_PRODUCT = YES;
			};
			name = Release;
		};
		39205AC51F8B3EFC0053264C /* Debug */ = {
			isa = XCBuildConfiguration;
			buildSettings = {
				ASSETCATALOG_COMPILER_APPICON_NAME = AppIcon;
				CODE_SIGN_STYLE = Automatic;
				DEVELOPMENT_TEAM = BMS8CT22KN;
				INFOPLIST_FILE = "Trade My Tesla/Info.plist";
				LD_RUNPATH_SEARCH_PATHS = "$(inherited) @executable_path/Frameworks";
				PRODUCT_BUNDLE_IDENTIFIER = "com.6dof.trade-my-tesla";
				PRODUCT_NAME = "$(TARGET_NAME)";
				SWIFT_VERSION = 4.0;
				TARGETED_DEVICE_FAMILY = "1,2";
			};
			name = Debug;
		};
		39205AC61F8B3EFC0053264C /* Release */ = {
			isa = XCBuildConfiguration;
			buildSettings = {
				ASSETCATALOG_COMPILER_APPICON_NAME = AppIcon;
				CODE_SIGN_STYLE = Automatic;
				DEVELOPMENT_TEAM = BMS8CT22KN;
				INFOPLIST_FILE = "Trade My Tesla/Info.plist";
				LD_RUNPATH_SEARCH_PATHS = "$(inherited) @executable_path/Frameworks";
				PRODUCT_BUNDLE_IDENTIFIER = "com.6dof.trade-my-tesla";
				PRODUCT_NAME = "$(TARGET_NAME)";
				SWIFT_VERSION = 4.0;
				TARGETED_DEVICE_FAMILY = "1,2";
			};
			name = Release;
		};
/* End XCBuildConfiguration section */

/* Begin XCConfigurationList section */
		39205AAD1F8B3EFC0053264C /* Build configuration list for PBXProject "Trade My Tesla" */ = {
			isa = XCConfigurationList;
			buildConfigurations = (
				39205AC21F8B3EFC0053264C /* Debug */,
				39205AC31F8B3EFC0053264C /* Release */,
			);
			defaultConfigurationIsVisible = 0;
			defaultConfigurationName = Release;
		};
		39205AC41F8B3EFC0053264C /* Build configuration list for PBXNativeTarget "Trade My Tesla" */ = {
			isa = XCConfigurationList;
			buildConfigurations = (
				39205AC51F8B3EFC0053264C /* Debug */,
				39205AC61F8B3EFC0053264C /* Release */,
			);
			defaultConfigurationIsVisible = 0;
			defaultConfigurationName = Release;
		};
/* End XCConfigurationList section */
	};
	rootObject = 39205AAA1F8B3EFC0053264C /* Project object */;
}
